
Microsoft Visual Studio Solution File, Format Version 12.00
# Visual Studio Version 16
VisualStudioVersion = 16.0.31729.503
MinimumVisualStudioVersion = 10.0.40219.1
Project("{FAE04EC0-301F-11D3-BF4B-00C04F79EFBC}") = "BookStore.Domain", "BookStore.Domain\BookStore.Domain.csproj", "{8F8F132F-F2AF-44F5-8C32-56BCFBD7816A}"
EndProject
Project("{FAE04EC0-301F-11D3-BF4B-00C04F79EFBC}") = "BookStore.WebUI", "BookStore.WebUI\BookStore.WebUI.csproj", "{99F2E0B7-A472-4EEE-8B4E-75F01B06D45F}"
EndProject
Global
	GlobalSection(SolutionConfigurationPlatforms) = preSolution
		Debug|Any CPU = Debug|Any CPU
		Release|Any CPU = Release|Any CPU
	EndGlobalSection
	GlobalSection(ProjectConfigurationPlatforms) = postSolution
		{8F8F132F-F2AF-44F5-8C32-56BCFBD7816A}.Debug|Any CPU.ActiveCfg = Debug|Any CPU
		{8F8F132F-F2AF-44F5-8C32-56BCFBD7816A}.Debug|Any CPU.Build.0 = Debug|Any CPU
		{8F8F132F-F2AF-44F5-8C32-56BCFBD7816A}.Release|Any CPU.ActiveCfg = Release|Any CPU
		{8F8F132F-F2AF-44F5-8C32-56BCFBD7816A}.Release|Any CPU.Build.0 = Release|Any CPU
		{99F2E0B7-A472-4EEE-8B4E-75F01B06D45F}.Debug|Any CPU.ActiveCfg = Debug|Any CPU
		{99F2E0B7-A472-4EEE-8B4E-75F01B06D45F}.Debug|Any CPU.Build.0 = Debug|Any CPU
		{99F2E0B7-A472-4EEE-8B4E-75F01B06D45F}.Release|Any CPU.ActiveCfg = Release|Any CPU
		{99F2E0B7-A472-4EEE-8B4E-75F01B06D45F}.Release|Any CPU.Build.0 = Release|Any CPU
	EndGlobalSection
	GlobalSection(SolutionProperties) = preSolution
		HideSolutionNode = FALSE
	EndGlobalSection
	GlobalSection(ExtensibilityGlobals) = postSolution
		SolutionGuid = {E91F20F7-6722-4141-9EBF-DCD7E8C9C7E5}
	EndGlobalSection
EndGlobal
